{
  "originHash" : "ed226609aae22e83e0fc6f5aca2ea9d2ba6518dd5fd8576285b26d9b4a415efe",
  "pins" : [
    {
      "identity" : "rxbluetoothkit",
      "kind" : "remoteSourceControl",
      "location" : "https://github.com/RomanPodymov/RxBluetoothKit",
      "state" : {
        "branch" : "ios-15-support",
        "revision" : "0421cc6f164b941464a29614bc8f26fdb8e1fd58"
      }
    },
    {
      "identity" : "rxswift",
      "kind" : "remoteSourceControl",
      "location" : "https://github.com/ReactiveX/RxSwift.git",
      "state" : {
        "revision" : "b06a8c8596e4c3e8e7788e08e720e3248563ce6a",
        "version" : "6.7.1"
      }
    }
  ],
  "version" : 3
}
